
Microsoft Visual Studio Solution File, Format Version 12.00
# Visual Studio Version 17
VisualStudioVersion = 17.7.34031.279
MinimumVisualStudioVersion = 10.0.40219.1
Project("{FAE04EC0-301F-11D3-BF4B-00C04F79EFBC}") = "UPLB-P2P.Website", "UPLB-P2P.Website\UPLB-P2P.Website.csproj", "{8F5A7C98-E3CF-4F5A-A344-703D4F10940C}"
EndProject
Global
	GlobalSection(SolutionConfigurationPlatforms) = preSolution
		Debug|Any CPU = Debug|Any CPU
		Release|Any CPU = Release|Any CPU
	EndGlobalSection
	GlobalSection(ProjectConfigurationPlatforms) = postSolution
		{8F5A7C98-E3CF-4F5A-A344-703D4F10940C}.Debug|Any CPU.ActiveCfg = Debug|Any CPU
		{8F5A7C98-E3CF-4F5A-A344-703D4F10940C}.Debug|Any CPU.Build.0 = Debug|Any CPU
		{8F5A7C98-E3CF-4F5A-A344-703D4F10940C}.Release|Any CPU.ActiveCfg = Release|Any CPU
		{8F5A7C98-E3CF-4F5A-A344-703D4F10940C}.Release|Any CPU.Build.0 = Release|Any CPU
	EndGlobalSection
	GlobalSection(SolutionProperties) = preSolution
		HideSolutionNode = FALSE
	EndGlobalSection
	GlobalSection(ExtensibilityGlobals) = postSolution
		SolutionGuid = {09EB94CA-8A55-4D15-BB7A-561DA3827507}
	EndGlobalSection
EndGlobal
